// !$*UTF8*$!
{
	archiveVersion = 1;
	classes = {
	};
	objectVersion = 50;
	objects = {

/* Begin PBXBuildFile section */
		3E8F069F225481DF00F9F14F /* AppDelegate.m in Sources */ = {isa = PBXBuildFile; fileRef = 3E8F069E225481DF00F9F14F /* AppDelegate.m */; };
		3E8F06A2225481DF00F9F14F /* ViewController.m in Sources */ = {isa = PBXBuildFile; fileRef = 3E8F06A1225481DF00F9F14F /* ViewController.m */; };
		3E8F06A5225481DF00F9F14F /* Main.storyboard in Resources */ = {isa = PBXBuildFile; fileRef = 3E8F06A3225481DF00F9F14F /* Main.storyboard */; };
		3E8F06A7225481E100F9F14F /* Assets.xcassets in Resources */ = {isa = PBXBuildFile; fileRef = 3E8F06A6225481E100F9F14F /* Assets.xcassets */; };
		3E8F06AA225481E100F9F14F /* LaunchScreen.storyboard in Resources */ = {isa = PBXBuildFile; fileRef = 3E8F06A8225481E100F9F14F /* LaunchScreen.storyboard */; };
		3E8F06AD225481E100F9F14F /* main.m in Sources */ = {isa = PBXBuildFile; fileRef = 3E8F06AC225481E100F9F14F /* main.m */; };
		3E8F06B62254824F00F9F14F /* EVTaskDispatch.m in Sources */ = {isa = PBXBuildFile; fileRef = 3E8F06B52254824F00F9F14F /* EVTaskDispatch.m */; };
/* End PBXBuildFile section */

/* Begin PBXFileReference section */
		3E8F069A225481DF00F9F14F /* EVTaskDemo.app */ = {isa = PBXFileReference; explicitFileType = wrapper.application; includeInIndex = 0; path = EVTaskDemo.app; sourceTree = BUILT_PRODUCTS_DIR; };
		3E8F069D225481DF00F9F14F /* AppDelegate.h */ = {isa = PBXFileReference; lastKnownFileType = sourcecode.c.h; path = AppDelegate.h; sourceTree = "<group>"; };
		3E8F069E225481DF00F9F14F /* AppDelegate.m */ = {isa = PBXFileReference; lastKnownFileType = sourcecode.c.objc; path = AppDelegate.m; sourceTree = "<group>"; };
		3E8F06A0225481DF00F9F14F /* ViewController.h */ = {isa = PBXFileReference; lastKnownFileType = sourcecode.c.h; path = ViewController.h; sourceTree = "<group>"; };
		3E8F06A1225481DF00F9F14F /* ViewController.m */ = {isa = PBXFileReference; lastKnownFileType = sourcecode.c.objc; path = ViewController.m; sourceTree = "<group>"; };
		3E8F06A4225481DF00F9F14F /* Base */ = {isa = PBXFileReference; lastKnownFileType = file.storyboard; name = Base; path = Base.lproj/Main.storyboard; sourceTree = "<group>"; };
		3E8F06A6225481E100F9F14F /* Assets.xcassets */ = {isa = PBXFileReference; lastKnownFileType = folder.assetcatalog; path = Assets.xcassets; sourceTree = "<group>"; };
		3E8F06A9225481E100F9F14F /* Base */ = {isa = PBXFileReference; lastKnownFileType = file.storyboard; name = Base; path = Base.lproj/LaunchScreen.storyboard; sourceTree = "<group>"; };
		3E8F06AB225481E100F9F14F /* Info.plist */ = {isa = PBXFileReference; lastKnownFileType = text.plist.xml; path = Info.plist; sourceTree = "<group>"; };
		3E8F06AC225481E100F9F14F /* main.m */ = {isa = PBXFileReference; lastKnownFileType = sourcecode.c.objc; path = main.m; sourceTree = "<group>"; };
		3E8F06B42254824F00F9F14F /* EVTaskDispatch.h */ = {isa = PBXFileReference; lastKnownFileType = sourcecode.c.h; path = EVTaskDispatch.h; sourceTree = "<group>"; };
		3E8F06B52254824F00F9F14F /* EVTaskDispatch.m */ = {isa = PBXFileReference; lastKnownFileType = sourcecode.c.objc; path = EVTaskDispatch.m; sourceTree = "<group>"; };
/* End PBXFileReference section */

/* Begin PBXFrameworksBuildPhase section */
		3E8F0697225481DF00F9F14F /* Frameworks */ = {
			isa = PBXFrameworksBuildPhase;
			buildActionMask = 2147483647;
			files = (
			);
			runOnlyForDeploymentPostprocessing = 0;
		};
/* End PBXFrameworksBuildPhase section */

/* Begin PBXGroup section */
		3E8F0691225481DF00F9F14F = {
			isa = PBXGroup;
			children = (
				3E8F069C225481DF00F9F14F /* EVTaskDemo */,
				3E8F069B225481DF00F9F14F /* Products */,
			);
			sourceTree = "<group>";
		};
		3E8F069B225481DF00F9F14F /* Products */ = {
			isa = PBXGroup;
			children = (
				3E8F069A225481DF00F9F14F /* EVTaskDemo.app */,
			);
			name = Products;
			sourceTree = "<group>";
		};
		3E8F069C225481DF00F9F14F /* EVTaskDemo */ = {
			isa = PBXGroup;
			children = (
				3E8F06B32254821800F9F14F /* EVTaskDispatch */,
				3E8F069D225481DF00F9F14F /* AppDelegate.h */,
				3E8F069E225481DF00F9F14F /* AppDelegate.m */,
				3E8F06A0225481DF00F9F14F /* ViewController.h */,
				3E8F06A1225481DF00F9F14F /* ViewController.m */,
				3E8F06A3225481DF00F9F14F /* Main.storyboard */,
				3E8F06A6225481E100F9F14F /* Assets.xcassets */,
				3E8F06A8225481E100F9F14F /* LaunchScreen.storyboard */,
				3E8F06AB225481E100F9F14F /* Info.plist */,
				3E8F06AC225481E100F9F14F /* main.m */,
			);
			path = EVTaskDemo;
			sourceTree = "<group>";
		};
		3E8F06B32254821800F9F14F /* EVTaskDispatch */ = {
			isa = PBXGroup;
			children = (
				3E8F06B42254824F00F9F14F /* EVTaskDispatch.h */,
				3E8F06B52254824F00F9F14F /* EVTaskDispatch.m */,
			);
			path = EVTaskDispatch;
			sourceTree = "<group>";
		};
/* End PBXGroup section */

/* Begin PBXNativeTarget section */
		3E8F0699225481DF00F9F14F /* EVTaskDemo */ = {
			isa = PBXNativeTarget;
			buildConfigurationList = 3E8F06B0225481E100F9F14F /* Build configuration list for PBXNativeTarget "EVTaskDemo" */;
			buildPhases = (
				3E8F0696225481DF00F9F14F /* Sources */,
				3E8F0697225481DF00F9F14F /* Frameworks */,
				3E8F0698225481DF00F9F14F /* Resources */,
			);
			buildRules = (
			);
			dependencies = (
			);
			name = EVTaskDemo;
			productName = EVTaskDemo;
			productReference = 3E8F069A225481DF00F9F14F /* EVTaskDemo.app */;
			productType = "com.apple.product-type.application";
		};
/* End PBXNativeTarget section */

/* Begin PBXProject section */
		3E8F0692225481DF00F9F14F /* Project object */ = {
			isa = PBXProject;
			attributes = {
				LastUpgradeCheck = 1010;
				ORGANIZATIONNAME = Ever;
				TargetAttributes = {
					3E8F0699225481DF00F9F14F = {
						CreatedOnToolsVersion = 10.1;
					};
				};
			};
			buildConfigurationList = 3E8F0695225481DF00F9F14F /* Build configuration list for PBXProject "EVTaskDemo" */;
			compatibilityVersion = "Xcode 9.3";
			developmentRegion = en;
			hasScannedForEncodings = 0;
			knownRegions = (
				en,
				Base,
			);
			mainGroup = 3E8F0691225481DF00F9F14F;
			productRefGroup = 3E8F069B225481DF00F9F14F /* Products */;
			projectDirPath = "";
			projectRoot = "";
			targets = (
				3E8F0699225481DF00F9F14F /* EVTaskDemo */,
			);
		};
/* End PBXProject section */

/* Begin PBXResourcesBuildPhase section */
		3E8F0698225481DF00F9F14F /* Resources */ = {
			isa = PBXResourcesBuildPhase;
			buildActionMask = 2147483647;
			files = (
				3E8F06AA225481E100F9F14F /* LaunchScreen.storyboard in Resources */,
				3E8F06A7225481E100F9F14F /* Assets.xcassets in Resources */,
				3E8F06A5225481DF00F9F14F /* Main.storyboard in Resources */,
			);
			runOnlyForDeploymentPostprocessing = 0;
		};
/* End PBXResourcesBuildPhase section */

/* Begin PBXSourcesBuildPhase section */
		3E8F0696225481DF00F9F14F /* Sources */ = {
			isa = PBXSourcesBuildPhase;
			buildActionMask = 2147483647;
			files = (
				3E8F06A2225481DF00F9F14F /* ViewController.m in Sources */,
				3E8F06B62254824F00F9F14F /* EVTaskDispatch.m in Sources */,
				3E8F06AD225481E100F9F14F /* main.m in Sources */,
				3E8F069F225481DF00F9F14F /* AppDelegate.m in Sources */,
			);
			runOnlyForDeploymentPostprocessing = 0;
		};
/* End PBXSourcesBuildPhase section */

/* Begin PBXVariantGroup section */
		3E8F06A3225481DF00F9F14F /* Main.storyboard */ = {
			isa = PBXVariantGroup;
			children = (
				3E8F06A4225481DF00F9F14F /* Base */,
			);
			name = Main.storyboard;
			sourceTree = "<group>";
		};
		3E8F06A8225481E100F9F14F /* LaunchScreen.storyboard */ = {
			isa = PBXVariantGroup;
			children = (
				3E8F06A9225481E100F9F14F /* Base */,
			);
			name = LaunchScreen.storyboard;
			sourceTree = "<group>";
		};
/* End PBXVariantGroup section */

/* Begin XCBuildConfiguration section */
		3E8F06AE225481E100F9F14F /* Debug */ = {
			isa = XCBuildConfiguration;
			buildSettings = {
				ALWAYS_SEARCH_USER_PATHS = NO;
				CLANG_ANALYZER_NONNULL = YES;
				CLANG_ANALYZER_NUMBER_OBJECT_CONVERSION = YES_AGGRESSIVE;
				CLANG_CXX_LANGUAGE_STANDARD = "gnu++14";
				CLANG_CXX_LIBRARY = "libc++";
				CLANG_ENABLE_MODULES = YES;
				CLANG_ENABLE_OBJC_ARC = YES;
				CLANG_ENABLE_OBJC_WEAK = YES;
				CLANG_WARN_BLOCK_CAPTURE_AUTORELEASING = YES;
				CLANG_WARN_BOOL_CONVERSION = YES;
				CLANG_WARN_COMMA = YES;
				CLANG_WARN_CONSTANT_CONVERSION = YES;
				CLANG_WARN_DEPRECATED_OBJC_IMPLEMENTATIONS = YES;
				CLANG_WARN_DIRECT_OBJC_ISA_USAGE = YES_ERROR;
				CLANG_WARN_DOCUMENTATION_COMMENTS = YES;
				CLANG_WARN_EMPTY_BODY = YES;
				CLANG_WARN_ENUM_CONVERSION = YES;
				CLANG_WARN_INFINITE_RECURSION = YES;
				CLANG_WARN_INT_CONVERSION = YES;
				CLANG_WARN_NON_LITERAL_NULL_CONVERSION = YES;
				CLANG_WARN_OBJC_IMPLICIT_RETAIN_SELF = YES;
				CLANG_WARN_OBJC_LITERAL_CONVERSION = YES;
				CLANG_WARN_OBJC_ROOT_CLASS = YES_ERROR;
				CLANG_WARN_RANGE_LOOP_ANALYSIS = YES;
				CLANG_WARN_STRICT_PROTOTYPES = YES;
				CLANG_WARN_SUSPICIOUS_MOVE = YES;
				CLANG_WARN_UNGUARDED_AVAILABILITY = YES_AGGRESSIVE;
				CLANG_WARN_UNREACHABLE_CODE = YES;
				CLANG_WARN__DUPLICATE_METHOD_MATCH = YES;
				CODE_SIGN_IDENTITY = "iPhone Developer";
				COPY_PHASE_STRIP = NO;
				DEBUG_INFORMATION_FORMAT = dwarf;
				ENABLE_STRICT_OBJC_MSGSEND = YES;
				ENABLE_TESTABILITY = YES;
				GCC_C_LANGUAGE_STANDARD = gnu11;
				GCC_DYNAMIC_NO_PIC = NO;
				GCC_NO_COMMON_BLOCKS = YES;
				GCC_OPTIMIZATION_LEVEL = 0;
				GCC_PREPROCESSOR_DEFINITIONS = (
					"DEBUG=1",
					"$(inherited)",
				);
				GCC_WARN_64_TO_32_BIT_CONVERSION = YES;
				GCC_WARN_ABOUT_RETURN_TYPE = YES_ERROR;
				GCC_WARN_UNDECLARED_SELECTOR = YES;
				GCC_WARN_UNINITIALIZED_AUTOS = YES_AGGRESSIVE;
				GCC_WARN_UNUSED_FUNCTION = YES;
				GCC_WARN_UNUSED_VARIABLE = YES;
				IPHONEOS_DEPLOYMENT_TARGET = 12.1;
				MTL_ENABLE_DEBUG_INFO = INCLUDE_SOURCE;
				MTL_FAST_MATH = YES;
				ONLY_ACTIVE_ARCH = YES;
				SDKROOT = iphoneos;
			};
			name = Debug;
		};
		3E8F06AF225481E100F9F14F /* Release */ = {
			isa = XCBuildConfiguration;
			buildSettings = {
				ALWAYS_SEARCH_USER_PATHS = NO;
				CLANG_ANALYZER_NONNULL = YES;
				CLANG_ANALYZER_NUMBER_OBJECT_CONVERSION = YES_AGGRESSIVE;
				CLANG_CXX_LANGUAGE_STANDARD = "gnu++14";
				CLANG_CXX_LIBRARY = "libc++";
				CLANG_ENABLE_MODULES = YES;
				CLANG_ENABLE_OBJC_ARC = YES;
				CLANG_ENABLE_OBJC_WEAK = YES;
				CLANG_WARN_BLOCK_CAPTURE_AUTORELEASING = YES;
				CLANG_WARN_BOOL_CONVERSION = YES;
				CLANG_WARN_COMMA = YES;
				CLANG_WARN_CONSTANT_CONVERSION = YES;
				CLANG_WARN_DEPRECATED_OBJC_IMPLEMENTATIONS = YES;
				CLANG_WARN_DIRECT_OBJC_ISA_USAGE = YES_ERROR;
				CLANG_WARN_DOCUMENTATION_COMMENTS = YES;
				CLANG_WARN_EMPTY_BODY = YES;
				CLANG_WARN_ENUM_CONVERSION = YES;
				CLANG_WARN_INFINITE_RECURSION = YES;
				CLANG_WARN_INT_CONVERSION = YES;
				CLANG_WARN_NON_LITERAL_NULL_CONVERSION = YES;
				CLANG_WARN_OBJC_IMPLICIT_RETAIN_SELF = YES;
				CLANG_WARN_OBJC_LITERAL_CONVERSION = YES;
				CLANG_WARN_OBJC_ROOT_CLASS = YES_ERROR;
				CLANG_WARN_RANGE_LOOP_ANALYSIS = YES;
				CLANG_WARN_STRICT_PROTOTYPES = YES;
				CLANG_WARN_SUSPICIOUS_MOVE = YES;
				CLANG_WARN_UNGUARDED_AVAILABILITY = YES_AGGRESSIVE;
				CLANG_WARN_UNREACHABLE_CODE = YES;
				CLANG_WARN__DUPLICATE_METHOD_MATCH = YES;
				CODE_SIGN_IDENTITY = "iPhone Developer";
				COPY_PHASE_STRIP = NO;
				DEBUG_INFORMATION_FORMAT = "dwarf-with-dsym";
				ENABLE_NS_ASSERTIONS = NO;
				ENABLE_STRICT_OBJC_MSGSEND = YES;
				GCC_C_LANGUAGE_STANDARD = gnu11;
				GCC_NO_COMMON_BLOCKS = YES;
				GCC_WARN_64_TO_32_BIT_CONVERSION = YES;
				GCC_WARN_ABOUT_RETURN_TYPE = YES_ERROR;
				GCC_WARN_UNDECLARED_SELECTOR = YES;
				GCC_WARN_UNINITIALIZED_AUTOS = YES_AGGRESSIVE;
				GCC_WARN_UNUSED_FUNCTION = YES;
				GCC_WARN_UNUSED_VARIABLE = YES;
				IPHONEOS_DEPLOYMENT_TARGET = 12.1;
				MTL_ENABLE_DEBUG_INFO = NO;
				MTL_FAST_MATH = YES;
				SDKROOT = iphoneos;
				VALIDATE_PRODUCT = YES;
			};
			name = Release;
		};
		3E8F06B1225481E100F9F14F /* Debug */ = {
			isa = XCBuildConfiguration;
			buildSettings = {
				ASSETCATALOG_COMPILER_APPICON_NAME = AppIcon;
				CODE_SIGN_STYLE = Automatic;
				DEVELOPMENT_TEAM = 93UHHK2WBX;
				INFOPLIST_FILE = EVTaskDemo/Info.plist;
				LD_RUNPATH_SEARCH_PATHS = (
					"$(inherited)",
					"@executable_path/Frameworks",
				);
				PRODUCT_BUNDLE_IDENTIFIER = com.eversoft.EVTaskDemo;
				PRODUCT_NAME = "$(TARGET_NAME)";
				TARGETED_DEVICE_FAMILY = "1,2";
			};
			name = Debug;
		};
		3E8F06B2225481E100F9F14F /* Release */ = {
			isa = XCBuildConfiguration;
			buildSettings = {
				ASSETCATALOG_COMPILER_APPICON_NAME = AppIcon;
				CODE_SIGN_STYLE = Automatic;
				DEVELOPMENT_TEAM = 93UHHK2WBX;
				INFOPLIST_FILE = EVTaskDemo/Info.plist;
				LD_RUNPATH_SEARCH_PATHS = (
					"$(inherited)",
					"@executable_path/Frameworks",
				);
				PRODUCT_BUNDLE_IDENTIFIER = com.eversoft.EVTaskDemo;
				PRODUCT_NAME = "$(TARGET_NAME)";
				TARGETED_DEVICE_FAMILY = "1,2";
			};
			name = Release;
		};
/* End XCBuildConfiguration section */

/* Begin XCConfigurationList section */
		3E8F0695225481DF00F9F14F /* Build configuration list for PBXProject "EVTaskDemo" */ = {
			isa = XCConfigurationList;
			buildConfigurations = (
				3E8F06AE225481E100F9F14F /* Debug */,
				3E8F06AF225481E100F9F14F /* Release */,
			);
			defaultConfigurationIsVisible = 0;
			defaultConfigurationName = Release;
		};
		3E8F06B0225481E100F9F14F /* Build configuration list for PBXNativeTarget "EVTaskDemo" */ = {
			isa = XCConfigurationList;
			buildConfigurations = (
				3E8F06B1225481E100F9F14F /* Debug */,
				3E8F06B2225481E100F9F14F /* Release */,
			);
			defaultConfigurationIsVisible = 0;
			defaultConfigurationName = Release;
		};
/* End XCConfigurationList section */
	};
	rootObject = 3E8F0692225481DF00F9F14F /* Project object */;
}
